
Microsoft Visual Studio Solution File, Format Version 12.00
Project("{2150E333-8FDC-42A3-9474-1A3956D46DE8}") = "solution-items", "solution-items", "{BC3E0503-69E0-4EE2-ADC7-40A0C033EE8B}"
	ProjectSection(SolutionItems) = preProject
		README.md = README.md
		docker-compose.yml = docker-compose.yml
		Directory.Build.props = Directory.Build.props
	EndProjectSection
EndProject
Project("{FAE04EC0-301F-11D3-BF4B-00C04F79EFBC}") = "TFA.Domain", "TFA.Domain\TFA.Domain.csproj", "{20E3B4AC-8E8A-4ECB-912A-E1F90F468D97}"
EndProject
Project("{FAE04EC0-301F-11D3-BF4B-00C04F79EFBC}") = "TFA.Storage", "TFA.Storage\TFA.Storage.csproj", "{99776E65-D687-4CF6-B36C-250572041C7F}"
EndProject
Project("{FAE04EC0-301F-11D3-BF4B-00C04F79EFBC}") = "TFA.API", "TFA.API\TFA.API.csproj", "{B45B9FAA-E18E-4CAA-A0D5-32D8A08B3CFC}"
EndProject
Project("{FAE04EC0-301F-11D3-BF4B-00C04F79EFBC}") = "TFA.Domain.Tests", "TFA.Domain.Tests\TFA.Domain.Tests.csproj", "{41CDF190-10A3-43A0-8A87-1DBBEC5F3309}"
EndProject
Project("{FAE04EC0-301F-11D3-BF4B-00C04F79EFBC}") = "TFA.Domain.DependencyInjection", "TFA.Domain.DependencyInjection\TFA.Domain.DependencyInjection.csproj", "{615CB5ED-7ACA-4A02-90F4-128E676E94A0}"
EndProject
Project("{FAE04EC0-301F-11D3-BF4B-00C04F79EFBC}") = "TFA.Storage.DependencyInjection", "TFA.Storage.DependencyInjection\TFA.Storage.DependencyInjection.csproj", "{1C9F8C4D-378F-4179-963B-8BE7040893B7}"
EndProject
Project("{FAE04EC0-301F-11D3-BF4B-00C04F79EFBC}") = "TFA.E2E", "TFA.E2E\TFA.E2E.csproj", "{E17A7271-B531-459F-9D7A-4D1C606B83C4}"
EndProject
Global
	GlobalSection(SolutionConfigurationPlatforms) = preSolution
		Debug|Any CPU = Debug|Any CPU
		Release|Any CPU = Release|Any CPU
	EndGlobalSection
	GlobalSection(ProjectConfigurationPlatforms) = postSolution
		{20E3B4AC-8E8A-4ECB-912A-E1F90F468D97}.Debug|Any CPU.ActiveCfg = Debug|Any CPU
		{20E3B4AC-8E8A-4ECB-912A-E1F90F468D97}.Debug|Any CPU.Build.0 = Debug|Any CPU
		{20E3B4AC-8E8A-4ECB-912A-E1F90F468D97}.Release|Any CPU.ActiveCfg = Release|Any CPU
		{20E3B4AC-8E8A-4ECB-912A-E1F90F468D97}.Release|Any CPU.Build.0 = Release|Any CPU
		{99776E65-D687-4CF6-B36C-250572041C7F}.Debug|Any CPU.ActiveCfg = Debug|Any CPU
		{99776E65-D687-4CF6-B36C-250572041C7F}.Debug|Any CPU.Build.0 = Debug|Any CPU
		{99776E65-D687-4CF6-B36C-250572041C7F}.Release|Any CPU.ActiveCfg = Release|Any CPU
		{99776E65-D687-4CF6-B36C-250572041C7F}.Release|Any CPU.Build.0 = Release|Any CPU
		{B45B9FAA-E18E-4CAA-A0D5-32D8A08B3CFC}.Debug|Any CPU.ActiveCfg = Debug|Any CPU
		{B45B9FAA-E18E-4CAA-A0D5-32D8A08B3CFC}.Debug|Any CPU.Build.0 = Debug|Any CPU
		{B45B9FAA-E18E-4CAA-A0D5-32D8A08B3CFC}.Release|Any CPU.ActiveCfg = Release|Any CPU
		{B45B9FAA-E18E-4CAA-A0D5-32D8A08B3CFC}.Release|Any CPU.Build.0 = Release|Any CPU
		{41CDF190-10A3-43A0-8A87-1DBBEC5F3309}.Debug|Any CPU.ActiveCfg = Debug|Any CPU
		{41CDF190-10A3-43A0-8A87-1DBBEC5F3309}.Debug|Any CPU.Build.0 = Debug|Any CPU
		{41CDF190-10A3-43A0-8A87-1DBBEC5F3309}.Release|Any CPU.ActiveCfg = Release|Any CPU
		{41CDF190-10A3-43A0-8A87-1DBBEC5F3309}.Release|Any CPU.Build.0 = Release|Any CPU
		{615CB5ED-7ACA-4A02-90F4-128E676E94A0}.Debug|Any CPU.ActiveCfg = Debug|Any CPU
		{615CB5ED-7ACA-4A02-90F4-128E676E94A0}.Debug|Any CPU.Build.0 = Debug|Any CPU
		{615CB5ED-7ACA-4A02-90F4-128E676E94A0}.Release|Any CPU.ActiveCfg = Release|Any CPU
		{615CB5ED-7ACA-4A02-90F4-128E676E94A0}.Release|Any CPU.Build.0 = Release|Any CPU
		{1C9F8C4D-378F-4179-963B-8BE7040893B7}.Debug|Any CPU.ActiveCfg = Debug|Any CPU
		{1C9F8C4D-378F-4179-963B-8BE7040893B7}.Debug|Any CPU.Build.0 = Debug|Any CPU
		{1C9F8C4D-378F-4179-963B-8BE7040893B7}.Release|Any CPU.ActiveCfg = Release|Any CPU
		{1C9F8C4D-378F-4179-963B-8BE7040893B7}.Release|Any CPU.Build.0 = Release|Any CPU
		{E17A7271-B531-459F-9D7A-4D1C606B83C4}.Debug|Any CPU.ActiveCfg = Debug|Any CPU
		{E17A7271-B531-459F-9D7A-4D1C606B83C4}.Debug|Any CPU.Build.0 = Debug|Any CPU
		{E17A7271-B531-459F-9D7A-4D1C606B83C4}.Release|Any CPU.ActiveCfg = Release|Any CPU
		{E17A7271-B531-459F-9D7A-4D1C606B83C4}.Release|Any CPU.Build.0 = Release|Any CPU
	EndGlobalSection
EndGlobal
